
Microsoft Visual Studio Solution File, Format Version 12.00
# Visual Studio 2013
VisualStudioVersion = 12.0.30501.0
MinimumVisualStudioVersion = 10.0.40219.1
Project("{FAE04EC0-301F-11D3-BF4B-00C04F79EFBC}") = "WordPressReader.Phone", "WordPressReader.Phone\WordPressReader.Phone.csproj", "{9D05EC3C-0810-4CE1-A83E-CE927307B504}"
EndProject
Project("{2150E333-8FDC-42A3-9474-1A3956D46DE8}") = "Client", "Client", "{7730219E-FF34-4091-BAD9-531B35474343}"
EndProject
Project("{2150E333-8FDC-42A3-9474-1A3956D46DE8}") = "Shared", "Shared", "{E0D02DD8-626C-4AED-9279-4C90A2893A3F}"
EndProject
Project("{FAE04EC0-301F-11D3-BF4B-00C04F79EFBC}") = "MSC.Phone.Shared", "MSC.Phone.Shared\MSC.Phone.Shared.csproj", "{05CE307F-F924-4270-A7DC-B849B835DD47}"
EndProject
Project("{FAE04EC0-301F-11D3-BF4B-00C04F79EFBC}") = "MSC.Phone.Shared.DI", "MSC.Phone.Shared.DI\MSC.Phone.Shared.DI.csproj", "{0E9A1853-6A58-45A5-8FD2-01866CF10059}"
EndProject
Project("{FAE04EC0-301F-11D3-BF4B-00C04F79EFBC}") = "WordPressReader.Phone.Contracts", "WordPressReader.Phone.Contracts\WordPressReader.Phone.Contracts.csproj", "{CEACEDAA-C99D-4DED-AACB-28C981BC456F}"
EndProject
Project("{FAE04EC0-301F-11D3-BF4B-00C04F79EFBC}") = "MSC.Phone.Shared.Controls", "MSC.Phone.Shared.Controls\MSC.Phone.Shared.Controls.csproj", "{F927964F-34DA-4161-AB07-51FD1114D5D3}"
EndProject
Project("{FAE04EC0-301F-11D3-BF4B-00C04F79EFBC}") = "WordPressReader.Phone.Repositories", "WordPressReader.Phone.Repositories\WordPressReader.Phone.Repositories.csproj", "{B84C5FCD-9C09-4D42-AAF7-18FAB0A797B5}"
EndProject
Project("{FAE04EC0-301F-11D3-BF4B-00C04F79EFBC}") = "WordPressReader.Phone.Services", "WordPressReader.Phone.Services\WordPressReader.Phone.Services.csproj", "{CEFA9F6B-B359-44F3-AEFC-DCDEB6FE0ABF}"
EndProject
Project("{FAE04EC0-301F-11D3-BF4B-00C04F79EFBC}") = "MSC.Phone.Disqus", "MSC.Phone.Disqus\MSC.Phone.Disqus.csproj", "{3FF09ADF-539E-430F-A743-91FB3B929CF6}"
EndProject
Project("{FAE04EC0-301F-11D3-BF4B-00C04F79EFBC}") = "MSC.Phone.Shared.UI", "MSC.Phone.Shared.UI\MSC.Phone.Shared.UI.csproj", "{3C41171C-0610-4555-ABFD-B02C24B0B39A}"
EndProject
Global
	GlobalSection(SolutionConfigurationPlatforms) = preSolution
		Debug|Any CPU = Debug|Any CPU
		Debug|ARM = Debug|ARM
		Debug|x86 = Debug|x86
		Release|Any CPU = Release|Any CPU
		Release|ARM = Release|ARM
		Release|x86 = Release|x86
	EndGlobalSection
	GlobalSection(ProjectConfigurationPlatforms) = postSolution
		{9D05EC3C-0810-4CE1-A83E-CE927307B504}.Debug|Any CPU.ActiveCfg = Debug|Any CPU
		{9D05EC3C-0810-4CE1-A83E-CE927307B504}.Debug|Any CPU.Build.0 = Debug|Any CPU
		{9D05EC3C-0810-4CE1-A83E-CE927307B504}.Debug|Any CPU.Deploy.0 = Debug|Any CPU
		{9D05EC3C-0810-4CE1-A83E-CE927307B504}.Debug|ARM.ActiveCfg = Debug|ARM
		{9D05EC3C-0810-4CE1-A83E-CE927307B504}.Debug|ARM.Build.0 = Debug|ARM
		{9D05EC3C-0810-4CE1-A83E-CE927307B504}.Debug|ARM.Deploy.0 = Debug|ARM
		{9D05EC3C-0810-4CE1-A83E-CE927307B504}.Debug|x86.ActiveCfg = Debug|x86
		{9D05EC3C-0810-4CE1-A83E-CE927307B504}.Debug|x86.Build.0 = Debug|x86
		{9D05EC3C-0810-4CE1-A83E-CE927307B504}.Debug|x86.Deploy.0 = Debug|x86
		{9D05EC3C-0810-4CE1-A83E-CE927307B504}.Release|Any CPU.ActiveCfg = Release|Any CPU
		{9D05EC3C-0810-4CE1-A83E-CE927307B504}.Release|Any CPU.Build.0 = Release|Any CPU
		{9D05EC3C-0810-4CE1-A83E-CE927307B504}.Release|Any CPU.Deploy.0 = Release|Any CPU
		{9D05EC3C-0810-4CE1-A83E-CE927307B504}.Release|ARM.ActiveCfg = Release|ARM
		{9D05EC3C-0810-4CE1-A83E-CE927307B504}.Release|ARM.Build.0 = Release|ARM
		{9D05EC3C-0810-4CE1-A83E-CE927307B504}.Release|ARM.Deploy.0 = Release|ARM
		{9D05EC3C-0810-4CE1-A83E-CE927307B504}.Release|x86.ActiveCfg = Release|x86
		{9D05EC3C-0810-4CE1-A83E-CE927307B504}.Release|x86.Build.0 = Release|x86
		{9D05EC3C-0810-4CE1-A83E-CE927307B504}.Release|x86.Deploy.0 = Release|x86
		{05CE307F-F924-4270-A7DC-B849B835DD47}.Debug|Any CPU.ActiveCfg = Debug|Any CPU
		{05CE307F-F924-4270-A7DC-B849B835DD47}.Debug|Any CPU.Build.0 = Debug|Any CPU
		{05CE307F-F924-4270-A7DC-B849B835DD47}.Debug|ARM.ActiveCfg = Debug|ARM
		{05CE307F-F924-4270-A7DC-B849B835DD47}.Debug|ARM.Build.0 = Debug|ARM
		{05CE307F-F924-4270-A7DC-B849B835DD47}.Debug|x86.ActiveCfg = Debug|x86
		{05CE307F-F924-4270-A7DC-B849B835DD47}.Debug|x86.Build.0 = Debug|x86
		{05CE307F-F924-4270-A7DC-B849B835DD47}.Release|Any CPU.ActiveCfg = Release|Any CPU
		{05CE307F-F924-4270-A7DC-B849B835DD47}.Release|Any CPU.Build.0 = Release|Any CPU
		{05CE307F-F924-4270-A7DC-B849B835DD47}.Release|ARM.ActiveCfg = Release|ARM
		{05CE307F-F924-4270-A7DC-B849B835DD47}.Release|ARM.Build.0 = Release|ARM
		{05CE307F-F924-4270-A7DC-B849B835DD47}.Release|x86.ActiveCfg = Release|x86
		{05CE307F-F924-4270-A7DC-B849B835DD47}.Release|x86.Build.0 = Release|x86
		{0E9A1853-6A58-45A5-8FD2-01866CF10059}.Debug|Any CPU.ActiveCfg = Debug|Any CPU
		{0E9A1853-6A58-45A5-8FD2-01866CF10059}.Debug|Any CPU.Build.0 = Debug|Any CPU
		{0E9A1853-6A58-45A5-8FD2-01866CF10059}.Debug|ARM.ActiveCfg = Debug|ARM
		{0E9A1853-6A58-45A5-8FD2-01866CF10059}.Debug|ARM.Build.0 = Debug|ARM
		{0E9A1853-6A58-45A5-8FD2-01866CF10059}.Debug|x86.ActiveCfg = Debug|x86
		{0E9A1853-6A58-45A5-8FD2-01866CF10059}.Debug|x86.Build.0 = Debug|x86
		{0E9A1853-6A58-45A5-8FD2-01866CF10059}.Release|Any CPU.ActiveCfg = Release|Any CPU
		{0E9A1853-6A58-45A5-8FD2-01866CF10059}.Release|Any CPU.Build.0 = Release|Any CPU
		{0E9A1853-6A58-45A5-8FD2-01866CF10059}.Release|ARM.ActiveCfg = Release|ARM
		{0E9A1853-6A58-45A5-8FD2-01866CF10059}.Release|ARM.Build.0 = Release|ARM
		{0E9A1853-6A58-45A5-8FD2-01866CF10059}.Release|x86.ActiveCfg = Release|x86
		{0E9A1853-6A58-45A5-8FD2-01866CF10059}.Release|x86.Build.0 = Release|x86
		{CEACEDAA-C99D-4DED-AACB-28C981BC456F}.Debug|Any CPU.ActiveCfg = Debug|Any CPU
		{CEACEDAA-C99D-4DED-AACB-28C981BC456F}.Debug|Any CPU.Build.0 = Debug|Any CPU
		{CEACEDAA-C99D-4DED-AACB-28C981BC456F}.Debug|ARM.ActiveCfg = Debug|ARM
		{CEACEDAA-C99D-4DED-AACB-28C981BC456F}.Debug|ARM.Build.0 = Debug|ARM
		{CEACEDAA-C99D-4DED-AACB-28C981BC456F}.Debug|x86.ActiveCfg = Debug|x86
		{CEACEDAA-C99D-4DED-AACB-28C981BC456F}.Debug|x86.Build.0 = Debug|x86
		{CEACEDAA-C99D-4DED-AACB-28C981BC456F}.Release|Any CPU.ActiveCfg = Release|Any CPU
		{CEACEDAA-C99D-4DED-AACB-28C981BC456F}.Release|Any CPU.Build.0 = Release|Any CPU
		{CEACEDAA-C99D-4DED-AACB-28C981BC456F}.Release|ARM.ActiveCfg = Release|ARM
		{CEACEDAA-C99D-4DED-AACB-28C981BC456F}.Release|ARM.Build.0 = Release|ARM
		{CEACEDAA-C99D-4DED-AACB-28C981BC456F}.Release|x86.ActiveCfg = Release|x86
		{CEACEDAA-C99D-4DED-AACB-28C981BC456F}.Release|x86.Build.0 = Release|x86
		{F927964F-34DA-4161-AB07-51FD1114D5D3}.Debug|Any CPU.ActiveCfg = Debug|Any CPU
		{F927964F-34DA-4161-AB07-51FD1114D5D3}.Debug|Any CPU.Build.0 = Debug|Any CPU
		{F927964F-34DA-4161-AB07-51FD1114D5D3}.Debug|ARM.ActiveCfg = Debug|ARM
		{F927964F-34DA-4161-AB07-51FD1114D5D3}.Debug|ARM.Build.0 = Debug|ARM
		{F927964F-34DA-4161-AB07-51FD1114D5D3}.Debug|x86.ActiveCfg = Debug|x86
		{F927964F-34DA-4161-AB07-51FD1114D5D3}.Debug|x86.Build.0 = Debug|x86
		{F927964F-34DA-4161-AB07-51FD1114D5D3}.Release|Any CPU.ActiveCfg = Release|Any CPU
		{F927964F-34DA-4161-AB07-51FD1114D5D3}.Release|Any CPU.Build.0 = Release|Any CPU
		{F927964F-34DA-4161-AB07-51FD1114D5D3}.Release|ARM.ActiveCfg = Release|ARM
		{F927964F-34DA-4161-AB07-51FD1114D5D3}.Release|ARM.Build.0 = Release|ARM
		{F927964F-34DA-4161-AB07-51FD1114D5D3}.Release|x86.ActiveCfg = Release|x86
		{F927964F-34DA-4161-AB07-51FD1114D5D3}.Release|x86.Build.0 = Release|x86
		{B84C5FCD-9C09-4D42-AAF7-18FAB0A797B5}.Debug|Any CPU.ActiveCfg = Debug|Any CPU
		{B84C5FCD-9C09-4D42-AAF7-18FAB0A797B5}.Debug|Any CPU.Build.0 = Debug|Any CPU
		{B84C5FCD-9C09-4D42-AAF7-18FAB0A797B5}.Debug|ARM.ActiveCfg = Debug|ARM
		{B84C5FCD-9C09-4D42-AAF7-18FAB0A797B5}.Debug|ARM.Build.0 = Debug|ARM
		{B84C5FCD-9C09-4D42-AAF7-18FAB0A797B5}.Debug|x86.ActiveCfg = Debug|x86
		{B84C5FCD-9C09-4D42-AAF7-18FAB0A797B5}.Debug|x86.Build.0 = Debug|x86
		{B84C5FCD-9C09-4D42-AAF7-18FAB0A797B5}.Release|Any CPU.ActiveCfg = Release|Any CPU
		{B84C5FCD-9C09-4D42-AAF7-18FAB0A797B5}.Release|Any CPU.Build.0 = Release|Any CPU
		{B84C5FCD-9C09-4D42-AAF7-18FAB0A797B5}.Release|ARM.ActiveCfg = Release|ARM
		{B84C5FCD-9C09-4D42-AAF7-18FAB0A797B5}.Release|ARM.Build.0 = Release|ARM
		{B84C5FCD-9C09-4D42-AAF7-18FAB0A797B5}.Release|x86.ActiveCfg = Release|x86
		{B84C5FCD-9C09-4D42-AAF7-18FAB0A797B5}.Release|x86.Build.0 = Release|x86
		{CEFA9F6B-B359-44F3-AEFC-DCDEB6FE0ABF}.Debug|Any CPU.ActiveCfg = Debug|Any CPU
		{CEFA9F6B-B359-44F3-AEFC-DCDEB6FE0ABF}.Debug|Any CPU.Build.0 = Debug|Any CPU
		{CEFA9F6B-B359-44F3-AEFC-DCDEB6FE0ABF}.Debug|ARM.ActiveCfg = Debug|ARM
		{CEFA9F6B-B359-44F3-AEFC-DCDEB6FE0ABF}.Debug|ARM.Build.0 = Debug|ARM
		{CEFA9F6B-B359-44F3-AEFC-DCDEB6FE0ABF}.Debug|x86.ActiveCfg = Debug|x86
		{CEFA9F6B-B359-44F3-AEFC-DCDEB6FE0ABF}.Debug|x86.Build.0 = Debug|x86
		{CEFA9F6B-B359-44F3-AEFC-DCDEB6FE0ABF}.Release|Any CPU.ActiveCfg = Release|Any CPU
		{CEFA9F6B-B359-44F3-AEFC-DCDEB6FE0ABF}.Release|Any CPU.Build.0 = Release|Any CPU
		{CEFA9F6B-B359-44F3-AEFC-DCDEB6FE0ABF}.Release|ARM.ActiveCfg = Release|ARM
		{CEFA9F6B-B359-44F3-AEFC-DCDEB6FE0ABF}.Release|ARM.Build.0 = Release|ARM
		{CEFA9F6B-B359-44F3-AEFC-DCDEB6FE0ABF}.Release|x86.ActiveCfg = Release|x86
		{CEFA9F6B-B359-44F3-AEFC-DCDEB6FE0ABF}.Release|x86.Build.0 = Release|x86
		{3FF09ADF-539E-430F-A743-91FB3B929CF6}.Debug|Any CPU.ActiveCfg = Debug|Any CPU
		{3FF09ADF-539E-430F-A743-91FB3B929CF6}.Debug|Any CPU.Build.0 = Debug|Any CPU
		{3FF09ADF-539E-430F-A743-91FB3B929CF6}.Debug|ARM.ActiveCfg = Debug|ARM
		{3FF09ADF-539E-430F-A743-91FB3B929CF6}.Debug|ARM.Build.0 = Debug|ARM
		{3FF09ADF-539E-430F-A743-91FB3B929CF6}.Debug|x86.ActiveCfg = Debug|x86
		{3FF09ADF-539E-430F-A743-91FB3B929CF6}.Debug|x86.Build.0 = Debug|x86
		{3FF09ADF-539E-430F-A743-91FB3B929CF6}.Release|Any CPU.ActiveCfg = Release|Any CPU
		{3FF09ADF-539E-430F-A743-91FB3B929CF6}.Release|Any CPU.Build.0 = Release|Any CPU
		{3FF09ADF-539E-430F-A743-91FB3B929CF6}.Release|ARM.ActiveCfg = Release|ARM
		{3FF09ADF-539E-430F-A743-91FB3B929CF6}.Release|ARM.Build.0 = Release|ARM
		{3FF09ADF-539E-430F-A743-91FB3B929CF6}.Release|x86.ActiveCfg = Release|x86
		{3FF09ADF-539E-430F-A743-91FB3B929CF6}.Release|x86.Build.0 = Release|x86
		{3C41171C-0610-4555-ABFD-B02C24B0B39A}.Debug|Any CPU.ActiveCfg = Debug|Any CPU
		{3C41171C-0610-4555-ABFD-B02C24B0B39A}.Debug|Any CPU.Build.0 = Debug|Any CPU
		{3C41171C-0610-4555-ABFD-B02C24B0B39A}.Debug|ARM.ActiveCfg = Debug|ARM
		{3C41171C-0610-4555-ABFD-B02C24B0B39A}.Debug|ARM.Build.0 = Debug|ARM
		{3C41171C-0610-4555-ABFD-B02C24B0B39A}.Debug|x86.ActiveCfg = Debug|x86
		{3C41171C-0610-4555-ABFD-B02C24B0B39A}.Debug|x86.Build.0 = Debug|x86
		{3C41171C-0610-4555-ABFD-B02C24B0B39A}.Release|Any CPU.ActiveCfg = Release|Any CPU
		{3C41171C-0610-4555-ABFD-B02C24B0B39A}.Release|Any CPU.Build.0 = Release|Any CPU
		{3C41171C-0610-4555-ABFD-B02C24B0B39A}.Release|ARM.ActiveCfg = Release|ARM
		{3C41171C-0610-4555-ABFD-B02C24B0B39A}.Release|ARM.Build.0 = Release|ARM
		{3C41171C-0610-4555-ABFD-B02C24B0B39A}.Release|x86.ActiveCfg = Release|x86
		{3C41171C-0610-4555-ABFD-B02C24B0B39A}.Release|x86.Build.0 = Release|x86
	EndGlobalSection
	GlobalSection(SolutionProperties) = preSolution
		HideSolutionNode = FALSE
	EndGlobalSection
	GlobalSection(NestedProjects) = preSolution
		{9D05EC3C-0810-4CE1-A83E-CE927307B504} = {7730219E-FF34-4091-BAD9-531B35474343}
		{05CE307F-F924-4270-A7DC-B849B835DD47} = {E0D02DD8-626C-4AED-9279-4C90A2893A3F}
		{0E9A1853-6A58-45A5-8FD2-01866CF10059} = {E0D02DD8-626C-4AED-9279-4C90A2893A3F}
		{CEACEDAA-C99D-4DED-AACB-28C981BC456F} = {7730219E-FF34-4091-BAD9-531B35474343}
		{F927964F-34DA-4161-AB07-51FD1114D5D3} = {E0D02DD8-626C-4AED-9279-4C90A2893A3F}
		{B84C5FCD-9C09-4D42-AAF7-18FAB0A797B5} = {7730219E-FF34-4091-BAD9-531B35474343}
		{CEFA9F6B-B359-44F3-AEFC-DCDEB6FE0ABF} = {7730219E-FF34-4091-BAD9-531B35474343}
		{3FF09ADF-539E-430F-A743-91FB3B929CF6} = {E0D02DD8-626C-4AED-9279-4C90A2893A3F}
		{3C41171C-0610-4555-ABFD-B02C24B0B39A} = {E0D02DD8-626C-4AED-9279-4C90A2893A3F}
	EndGlobalSection
EndGlobal
